// !$*UTF8*$!
{
	archiveVersion = 1;
	classes = {
	};
	objectVersion = 50;
	objects = {

/* Begin PBXBuildFile section */
		04F512F421CAC59E009533C2 /* AppDelegate.swift in Sources */ = {isa = PBXBuildFile; fileRef = 04F512F321CAC59E009533C2 /* AppDelegate.swift */; };
		04F512F621CAC59E009533C2 /* ViewController.swift in Sources */ = {isa = PBXBuildFile; fileRef = 04F512F521CAC59E009533C2 /* ViewController.swift */; };
		04F512F921CAC59E009533C2 /* Main.storyboard in Resources */ = {isa = PBXBuildFile; fileRef = 04F512F721CAC59E009533C2 /* Main.storyboard */; };
		04F512FB21CAC5A0009533C2 /* Assets.xcassets in Resources */ = {isa = PBXBuildFile; fileRef = 04F512FA21CAC5A0009533C2 /* Assets.xcassets */; };
		04F512FE21CAC5A0009533C2 /* LaunchScreen.storyboard in Resources */ = {isa = PBXBuildFile; fileRef = 04F512FC21CAC5A0009533C2 /* LaunchScreen.storyboard */; };
		04F5130921CAC5A0009533C2 /* XML_ParsingTests.swift in Sources */ = {isa = PBXBuildFile; fileRef = 04F5130821CAC5A0009533C2 /* XML_ParsingTests.swift */; };
		04F5131421CAC5A0009533C2 /* XML_ParsingUITests.swift in Sources */ = {isa = PBXBuildFile; fileRef = 04F5131321CAC5A0009533C2 /* XML_ParsingUITests.swift */; };
/* End PBXBuildFile section */

/* Begin PBXContainerItemProxy section */
		04F5130521CAC5A0009533C2 /* PBXContainerItemProxy */ = {
			isa = PBXContainerItemProxy;
			containerPortal = 04F512E821CAC59E009533C2 /* Project object */;
			proxyType = 1;
			remoteGlobalIDString = 04F512EF21CAC59E009533C2;
			remoteInfo = "XML Parsing";
		};
		04F5131021CAC5A0009533C2 /* PBXContainerItemProxy */ = {
			isa = PBXContainerItemProxy;
			containerPortal = 04F512E821CAC59E009533C2 /* Project object */;
			proxyType = 1;
			remoteGlobalIDString = 04F512EF21CAC59E009533C2;
			remoteInfo = "XML Parsing";
		};
/* End PBXContainerItemProxy section */

/* Begin PBXFileReference section */
		04F512F021CAC59E009533C2 /* XML Parsing.app */ = {isa = PBXFileReference; explicitFileType = wrapper.application; includeInIndex = 0; path = "XML Parsing.app"; sourceTree = BUILT_PRODUCTS_DIR; };
		04F512F321CAC59E009533C2 /* AppDelegate.swift */ = {isa = PBXFileReference; lastKnownFileType = sourcecode.swift; path = AppDelegate.swift; sourceTree = "<group>"; };
		04F512F521CAC59E009533C2 /* ViewController.swift */ = {isa = PBXFileReference; lastKnownFileType = sourcecode.swift; path = ViewController.swift; sourceTree = "<group>"; };
		04F512F821CAC59E009533C2 /* Base */ = {isa = PBXFileReference; lastKnownFileType = file.storyboard; name = Base; path = Base.lproj/Main.storyboard; sourceTree = "<group>"; };
		04F512FA21CAC5A0009533C2 /* Assets.xcassets */ = {isa = PBXFileReference; lastKnownFileType = folder.assetcatalog; path = Assets.xcassets; sourceTree = "<group>"; };
		04F512FD21CAC5A0009533C2 /* Base */ = {isa = PBXFileReference; lastKnownFileType = file.storyboard; name = Base; path = Base.lproj/LaunchScreen.storyboard; sourceTree = "<group>"; };
		04F512FF21CAC5A0009533C2 /* Info.plist */ = {isa = PBXFileReference; lastKnownFileType = text.plist.xml; path = Info.plist; sourceTree = "<group>"; };
		04F5130421CAC5A0009533C2 /* XML ParsingTests.xctest */ = {isa = PBXFileReference; explicitFileType = wrapper.cfbundle; includeInIndex = 0; path = "XML ParsingTests.xctest"; sourceTree = BUILT_PRODUCTS_DIR; };
		04F5130821CAC5A0009533C2 /* XML_ParsingTests.swift */ = {isa = PBXFileReference; lastKnownFileType = sourcecode.swift; path = XML_ParsingTests.swift; sourceTree = "<group>"; };
		04F5130A21CAC5A0009533C2 /* Info.plist */ = {isa = PBXFileReference; lastKnownFileType = text.plist.xml; path = Info.plist; sourceTree = "<group>"; };
		04F5130F21CAC5A0009533C2 /* XML ParsingUITests.xctest */ = {isa = PBXFileReference; explicitFileType = wrapper.cfbundle; includeInIndex = 0; path = "XML ParsingUITests.xctest"; sourceTree = BUILT_PRODUCTS_DIR; };
		04F5131321CAC5A0009533C2 /* XML_ParsingUITests.swift */ = {isa = PBXFileReference; lastKnownFileType = sourcecode.swift; path = XML_ParsingUITests.swift; sourceTree = "<group>"; };
		04F5131521CAC5A0009533C2 /* Info.plist */ = {isa = PBXFileReference; lastKnownFileType = text.plist.xml; path = Info.plist; sourceTree = "<group>"; };
/* End PBXFileReference section */

/* Begin PBXFrameworksBuildPhase section */
		04F512ED21CAC59E009533C2 /* Frameworks */ = {
			isa = PBXFrameworksBuildPhase;
			buildActionMask = 2147483647;
			files = (
			);
			runOnlyForDeploymentPostprocessing = 0;
		};
		04F5130121CAC5A0009533C2 /* Frameworks */ = {
			isa = PBXFrameworksBuildPhase;
			buildActionMask = 2147483647;
			files = (
			);
			runOnlyForDeploymentPostprocessing = 0;
		};
		04F5130C21CAC5A0009533C2 /* Frameworks */ = {
			isa = PBXFrameworksBuildPhase;
			buildActionMask = 2147483647;
			files = (
			);
			runOnlyForDeploymentPostprocessing = 0;
		};
/* End PBXFrameworksBuildPhase section */

/* Begin PBXGroup section */
		04F512E721CAC59E009533C2 = {
			isa = PBXGroup;
			children = (
				04F512F221CAC59E009533C2 /* XML Parsing */,
				04F5130721CAC5A0009533C2 /* XML ParsingTests */,
				04F5131221CAC5A0009533C2 /* XML ParsingUITests */,
				04F512F121CAC59E009533C2 /* Products */,
			);
			sourceTree = "<group>";
		};
		04F512F121CAC59E009533C2 /* Products */ = {
			isa = PBXGroup;
			children = (
				04F512F021CAC59E009533C2 /* XML Parsing.app */,
				04F5130421CAC5A0009533C2 /* XML ParsingTests.xctest */,
				04F5130F21CAC5A0009533C2 /* XML ParsingUITests.xctest */,
			);
			name = Products;
			sourceTree = "<group>";
		};
		04F512F221CAC59E009533C2 /* XML Parsing */ = {
			isa = PBXGroup;
			children = (
				04F512F321CAC59E009533C2 /* AppDelegate.swift */,
				04F512F521CAC59E009533C2 /* ViewController.swift */,
				04F512F721CAC59E009533C2 /* Main.storyboard */,
				04F512FA21CAC5A0009533C2 /* Assets.xcassets */,
				04F512FC21CAC5A0009533C2 /* LaunchScreen.storyboard */,
				04F512FF21CAC5A0009533C2 /* Info.plist */,
			);
			path = "XML Parsing";
			sourceTree = "<group>";
		};
		04F5130721CAC5A0009533C2 /* XML ParsingTests */ = {
			isa = PBXGroup;
			children = (
				04F5130821CAC5A0009533C2 /* XML_ParsingTests.swift */,
				04F5130A21CAC5A0009533C2 /* Info.plist */,
			);
			path = "XML ParsingTests";
			sourceTree = "<group>";
		};
		04F5131221CAC5A0009533C2 /* XML ParsingUITests */ = {
			isa = PBXGroup;
			children = (
				04F5131321CAC5A0009533C2 /* XML_ParsingUITests.swift */,
				04F5131521CAC5A0009533C2 /* Info.plist */,
			);
			path = "XML ParsingUITests";
			sourceTree = "<group>";
		};
/* End PBXGroup section */

/* Begin PBXNativeTarget section */
		04F512EF21CAC59E009533C2 /* XML Parsing */ = {
			isa = PBXNativeTarget;
			buildConfigurationList = 04F5131821CAC5A0009533C2 /* Build configuration list for PBXNativeTarget "XML Parsing" */;
			buildPhases = (
				04F512EC21CAC59E009533C2 /* Sources */,
				04F512ED21CAC59E009533C2 /* Frameworks */,
				04F512EE21CAC59E009533C2 /* Resources */,
			);
			buildRules = (
			);
			dependencies = (
			);
			name = "XML Parsing";
			productName = "XML Parsing";
			productReference = 04F512F021CAC59E009533C2 /* XML Parsing.app */;
			productType = "com.apple.product-type.application";
		};
		04F5130321CAC5A0009533C2 /* XML ParsingTests */ = {
			isa = PBXNativeTarget;
			buildConfigurationList = 04F5131B21CAC5A0009533C2 /* Build configuration list for PBXNativeTarget "XML ParsingTests" */;
			buildPhases = (
				04F5130021CAC5A0009533C2 /* Sources */,
				04F5130121CAC5A0009533C2 /* Frameworks */,
				04F5130221CAC5A0009533C2 /* Resources */,
			);
			buildRules = (
			);
			dependencies = (
				04F5130621CAC5A0009533C2 /* PBXTargetDependency */,
			);
			name = "XML ParsingTests";
			productName = "XML ParsingTests";
			productReference = 04F5130421CAC5A0009533C2 /* XML ParsingTests.xctest */;
			productType = "com.apple.product-type.bundle.unit-test";
		};
		04F5130E21CAC5A0009533C2 /* XML ParsingUITests */ = {
			isa = PBXNativeTarget;
			buildConfigurationList = 04F5131E21CAC5A0009533C2 /* Build configuration list for PBXNativeTarget "XML ParsingUITests" */;
			buildPhases = (
				04F5130B21CAC5A0009533C2 /* Sources */,
				04F5130C21CAC5A0009533C2 /* Frameworks */,
				04F5130D21CAC5A0009533C2 /* Resources */,
			);
			buildRules = (
			);
			dependencies = (
				04F5131121CAC5A0009533C2 /* PBXTargetDependency */,
			);
			name = "XML ParsingUITests";
			productName = "XML ParsingUITests";
			productReference = 04F5130F21CAC5A0009533C2 /* XML ParsingUITests.xctest */;
			productType = "com.apple.product-type.bundle.ui-testing";
		};
/* End PBXNativeTarget section */

/* Begin PBXProject section */
		04F512E821CAC59E009533C2 /* Project object */ = {
			isa = PBXProject;
			attributes = {
				LastSwiftUpdateCheck = 0940;
				LastUpgradeCheck = 0940;
				ORGANIZATIONNAME = Mac;
				TargetAttributes = {
					04F512EF21CAC59E009533C2 = {
						CreatedOnToolsVersion = 9.4.1;
					};
					04F5130321CAC5A0009533C2 = {
						CreatedOnToolsVersion = 9.4.1;
						TestTargetID = 04F512EF21CAC59E009533C2;
					};
					04F5130E21CAC5A0009533C2 = {
						CreatedOnToolsVersion = 9.4.1;
						TestTargetID = 04F512EF21CAC59E009533C2;
					};
				};
			};
			buildConfigurationList = 04F512EB21CAC59E009533C2 /* Build configuration list for PBXProject "XML Parsing" */;
			compatibilityVersion = "Xcode 9.3";
			developmentRegion = en;
			hasScannedForEncodings = 0;
			knownRegions = (
				en,
				Base,
			);
			mainGroup = 04F512E721CAC59E009533C2;
			productRefGroup = 04F512F121CAC59E009533C2 /* Products */;
			projectDirPath = "";
			projectRoot = "";
			targets = (
				04F512EF21CAC59E009533C2 /* XML Parsing */,
				04F5130321CAC5A0009533C2 /* XML ParsingTests */,
				04F5130E21CAC5A0009533C2 /* XML ParsingUITests */,
			);
		};
/* End PBXProject section */

/* Begin PBXResourcesBuildPhase section */
		04F512EE21CAC59E009533C2 /* Resources */ = {
			isa = PBXResourcesBuildPhase;
			buildActionMask = 2147483647;
			files = (
				04F512FE21CAC5A0009533C2 /* LaunchScreen.storyboard in Resources */,
				04F512FB21CAC5A0009533C2 /* Assets.xcassets in Resources */,
				04F512F921CAC59E009533C2 /* Main.storyboard in Resources */,
			);
			runOnlyForDeploymentPostprocessing = 0;
		};
		04F5130221CAC5A0009533C2 /* Resources */ = {
			isa = PBXResourcesBuildPhase;
			buildActionMask = 2147483647;
			files = (
			);
			runOnlyForDeploymentPostprocessing = 0;
		};
		04F5130D21CAC5A0009533C2 /* Resources */ = {
			isa = PBXResourcesBuildPhase;
			buildActionMask = 2147483647;
			files = (
			);
			runOnlyForDeploymentPostprocessing = 0;
		};
/* End PBXResourcesBuildPhase section */

/* Begin PBXSourcesBuildPhase section */
		04F512EC21CAC59E009533C2 /* Sources */ = {
			isa = PBXSourcesBuildPhase;
			buildActionMask = 2147483647;
			files = (
				04F512F621CAC59E009533C2 /* ViewController.swift in Sources */,
				04F512F421CAC59E009533C2 /* AppDelegate.swift in Sources */,
			);
			runOnlyForDeploymentPostprocessing = 0;
		};
		04F5130021CAC5A0009533C2 /* Sources */ = {
			isa = PBXSourcesBuildPhase;
			buildActionMask = 2147483647;
			files = (
				04F5130921CAC5A0009533C2 /* XML_ParsingTests.swift in Sources */,
			);
			runOnlyForDeploymentPostprocessing = 0;
		};
		04F5130B21CAC5A0009533C2 /* Sources */ = {
			isa = PBXSourcesBuildPhase;
			buildActionMask = 2147483647;
			files = (
				04F5131421CAC5A0009533C2 /* XML_ParsingUITests.swift in Sources */,
			);
			runOnlyForDeploymentPostprocessing = 0;
		};
/* End PBXSourcesBuildPhase section */

/* Begin PBXTargetDependency section */
		04F5130621CAC5A0009533C2 /* PBXTargetDependency */ = {
			isa = PBXTargetDependency;
			target = 04F512EF21CAC59E009533C2 /* XML Parsing */;
			targetProxy = 04F5130521CAC5A0009533C2 /* PBXContainerItemProxy */;
		};
		04F5131121CAC5A0009533C2 /* PBXTargetDependency */ = {
			isa = PBXTargetDependency;
			target = 04F512EF21CAC59E009533C2 /* XML Parsing */;
			targetProxy = 04F5131021CAC5A0009533C2 /* PBXContainerItemProxy */;
		};
/* End PBXTargetDependency section */

/* Begin PBXVariantGroup section */
		04F512F721CAC59E009533C2 /* Main.storyboard */ = {
			isa = PBXVariantGroup;
			children = (
				04F512F821CAC59E009533C2 /* Base */,
			);
			name = Main.storyboard;
			sourceTree = "<group>";
		};
		04F512FC21CAC5A0009533C2 /* LaunchScreen.storyboard */ = {
			isa = PBXVariantGroup;
			children = (
				04F512FD21CAC5A0009533C2 /* Base */,
			);
			name = LaunchScreen.storyboard;
			sourceTree = "<group>";
		};
/* End PBXVariantGroup section */

/* Begin XCBuildConfiguration section */
		04F5131621CAC5A0009533C2 /* Debug */ = {
			isa = XCBuildConfiguration;
			buildSettings = {
				ALWAYS_SEARCH_USER_PATHS = NO;
				CLANG_ANALYZER_NONNULL = YES;
				CLANG_ANALYZER_NUMBER_OBJECT_CONVERSION = YES_AGGRESSIVE;
				CLANG_CXX_LANGUAGE_STANDARD = "gnu++14";
				CLANG_CXX_LIBRARY = "libc++";
				CLANG_ENABLE_MODULES = YES;
				CLANG_ENABLE_OBJC_ARC = YES;
				CLANG_ENABLE_OBJC_WEAK = YES;
				CLANG_WARN_BLOCK_CAPTURE_AUTORELEASING = YES;
				CLANG_WARN_BOOL_CONVERSION = YES;
				CLANG_WARN_COMMA = YES;
				CLANG_WARN_CONSTANT_CONVERSION = YES;
				CLANG_WARN_DEPRECATED_OBJC_IMPLEMENTATIONS = YES;
				CLANG_WARN_DIRECT_OBJC_ISA_USAGE = YES_ERROR;
				CLANG_WARN_DOCUMENTATION_COMMENTS = YES;
				CLANG_WARN_EMPTY_BODY = YES;
				CLANG_WARN_ENUM_CONVERSION = YES;
				CLANG_WARN_INFINITE_RECURSION = YES;
				CLANG_WARN_INT_CONVERSION = YES;
				CLANG_WARN_NON_LITERAL_NULL_CONVERSION = YES;
				CLANG_WARN_OBJC_IMPLICIT_RETAIN_SELF = YES;
				CLANG_WARN_OBJC_LITERAL_CONVERSION = YES;
				CLANG_WARN_OBJC_ROOT_CLASS = YES_ERROR;
				CLANG_WARN_RANGE_LOOP_ANALYSIS = YES;
				CLANG_WARN_STRICT_PROTOTYPES = YES;
				CLANG_WARN_SUSPICIOUS_MOVE = YES;
				CLANG_WARN_UNGUARDED_AVAILABILITY = YES_AGGRESSIVE;
				CLANG_WARN_UNREACHABLE_CODE = YES;
				CLANG_WARN__DUPLICATE_METHOD_MATCH = YES;
				CODE_SIGN_IDENTITY = "iPhone Developer";
				COPY_PHASE_STRIP = NO;
				DEBUG_INFORMATION_FORMAT = dwarf;
				ENABLE_STRICT_OBJC_MSGSEND = YES;
				ENABLE_TESTABILITY = YES;
				GCC_C_LANGUAGE_STANDARD = gnu11;
				GCC_DYNAMIC_NO_PIC = NO;
				GCC_NO_COMMON_BLOCKS = YES;
				GCC_OPTIMIZATION_LEVEL = 0;
				GCC_PREPROCESSOR_DEFINITIONS = (
					"DEBUG=1",
					"$(inherited)",
				);
				GCC_WARN_64_TO_32_BIT_CONVERSION = YES;
				GCC_WARN_ABOUT_RETURN_TYPE = YES_ERROR;
				GCC_WARN_UNDECLARED_SELECTOR = YES;
				GCC_WARN_UNINITIALIZED_AUTOS = YES_AGGRESSIVE;
				GCC_WARN_UNUSED_FUNCTION = YES;
				GCC_WARN_UNUSED_VARIABLE = YES;
				IPHONEOS_DEPLOYMENT_TARGET = 11.4;
				MTL_ENABLE_DEBUG_INFO = YES;
				ONLY_ACTIVE_ARCH = YES;
				SDKROOT = iphoneos;
				SWIFT_ACTIVE_COMPILATION_CONDITIONS = DEBUG;
				SWIFT_OPTIMIZATION_LEVEL = "-Onone";
			};
			name = Debug;
		};
		04F5131721CAC5A0009533C2 /* Release */ = {
			isa = XCBuildConfiguration;
			buildSettings = {
				ALWAYS_SEARCH_USER_PATHS = NO;
				CLANG_ANALYZER_NONNULL = YES;
				CLANG_ANALYZER_NUMBER_OBJECT_CONVERSION = YES_AGGRESSIVE;
				CLANG_CXX_LANGUAGE_STANDARD = "gnu++14";
				CLANG_CXX_LIBRARY = "libc++";
				CLANG_ENABLE_MODULES = YES;
				CLANG_ENABLE_OBJC_ARC = YES;
				CLANG_ENABLE_OBJC_WEAK = YES;
				CLANG_WARN_BLOCK_CAPTURE_AUTORELEASING = YES;
				CLANG_WARN_BOOL_CONVERSION = YES;
				CLANG_WARN_COMMA = YES;
				CLANG_WARN_CONSTANT_CONVERSION = YES;
				CLANG_WARN_DEPRECATED_OBJC_IMPLEMENTATIONS = YES;
				CLANG_WARN_DIRECT_OBJC_ISA_USAGE = YES_ERROR;
				CLANG_WARN_DOCUMENTATION_COMMENTS = YES;
				CLANG_WARN_EMPTY_BODY = YES;
				CLANG_WARN_ENUM_CONVERSION = YES;
				CLANG_WARN_INFINITE_RECURSION = YES;
				CLANG_WARN_INT_CONVERSION = YES;
				CLANG_WARN_NON_LITERAL_NULL_CONVERSION = YES;
				CLANG_WARN_OBJC_IMPLICIT_RETAIN_SELF = YES;
				CLANG_WARN_OBJC_LITERAL_CONVERSION = YES;
				CLANG_WARN_OBJC_ROOT_CLASS = YES_ERROR;
				CLANG_WARN_RANGE_LOOP_ANALYSIS = YES;
				CLANG_WARN_STRICT_PROTOTYPES = YES;
				CLANG_WARN_SUSPICIOUS_MOVE = YES;
				CLANG_WARN_UNGUARDED_AVAILABILITY = YES_AGGRESSIVE;
				CLANG_WARN_UNREACHABLE_CODE = YES;
				CLANG_WARN__DUPLICATE_METHOD_MATCH = YES;
				CODE_SIGN_IDENTITY = "iPhone Developer";
				COPY_PHASE_STRIP = NO;
				DEBUG_INFORMATION_FORMAT = "dwarf-with-dsym";
				ENABLE_NS_ASSERTIONS = NO;
				ENABLE_STRICT_OBJC_MSGSEND = YES;
				GCC_C_LANGUAGE_STANDARD = gnu11;
				GCC_NO_COMMON_BLOCKS = YES;
				GCC_WARN_64_TO_32_BIT_CONVERSION = YES;
				GCC_WARN_ABOUT_RETURN_TYPE = YES_ERROR;
				GCC_WARN_UNDECLARED_SELECTOR = YES;
				GCC_WARN_UNINITIALIZED_AUTOS = YES_AGGRESSIVE;
				GCC_WARN_UNUSED_FUNCTION = YES;
				GCC_WARN_UNUSED_VARIABLE = YES;
				IPHONEOS_DEPLOYMENT_TARGET = 11.4;
				MTL_ENABLE_DEBUG_INFO = NO;
				SDKROOT = iphoneos;
				SWIFT_COMPILATION_MODE = wholemodule;
				SWIFT_OPTIMIZATION_LEVEL = "-O";
				VALIDATE_PRODUCT = YES;
			};
			name = Release;
		};
		04F5131921CAC5A0009533C2 /* Debug */ = {
			isa = XCBuildConfiguration;
			buildSettings = {
				ASSETCATALOG_COMPILER_APPICON_NAME = AppIcon;
				CODE_SIGN_STYLE = Automatic;
				INFOPLIST_FILE = "XML Parsing/Info.plist";
				LD_RUNPATH_SEARCH_PATHS = (
					"$(inherited)",
					"@executable_path/Frameworks",
				);
				PRODUCT_BUNDLE_IDENTIFIER = "amit-2018.XML-Parsing";
				PRODUCT_NAME = "$(TARGET_NAME)";
				SWIFT_VERSION = 4.0;
				TARGETED_DEVICE_FAMILY = "1,2";
			};
			name = Debug;
		};
		04F5131A21CAC5A0009533C2 /* Release */ = {
			isa = XCBuildConfiguration;
			buildSettings = {
				ASSETCATALOG_COMPILER_APPICON_NAME = AppIcon;
				CODE_SIGN_STYLE = Automatic;
				INFOPLIST_FILE = "XML Parsing/Info.plist";
				LD_RUNPATH_SEARCH_PATHS = (
					"$(inherited)",
					"@executable_path/Frameworks",
				);
				PRODUCT_BUNDLE_IDENTIFIER = "amit-2018.XML-Parsing";
				PRODUCT_NAME = "$(TARGET_NAME)";
				SWIFT_VERSION = 4.0;
				TARGETED_DEVICE_FAMILY = "1,2";
			};
			name = Release;
		};
		04F5131C21CAC5A0009533C2 /* Debug */ = {
			isa = XCBuildConfiguration;
			buildSettings = {
				ALWAYS_EMBED_SWIFT_STANDARD_LIBRARIES = YES;
				BUNDLE_LOADER = "$(TEST_HOST)";
				CODE_SIGN_STYLE = Automatic;
				INFOPLIST_FILE = "XML ParsingTests/Info.plist";
				LD_RUNPATH_SEARCH_PATHS = (
					"$(inherited)",
					"@executable_path/Frameworks",
					"@loader_path/Frameworks",
				);
				PRODUCT_BUNDLE_IDENTIFIER = "amit-2018.XML-ParsingTests";
				PRODUCT_NAME = "$(TARGET_NAME)";
				SWIFT_VERSION = 4.0;
				TARGETED_DEVICE_FAMILY = "1,2";
				TEST_HOST = "$(BUILT_PRODUCTS_DIR)/XML Parsing.app/XML Parsing";
			};
			name = Debug;
		};
		04F5131D21CAC5A0009533C2 /* Release */ = {
			isa = XCBuildConfiguration;
			buildSettings = {
				ALWAYS_EMBED_SWIFT_STANDARD_LIBRARIES = YES;
				BUNDLE_LOADER = "$(TEST_HOST)";
				CODE_SIGN_STYLE = Automatic;
				INFOPLIST_FILE = "XML ParsingTests/Info.plist";
				LD_RUNPATH_SEARCH_PATHS = (
					"$(inherited)",
					"@executable_path/Frameworks",
					"@loader_path/Frameworks",
				);
				PRODUCT_BUNDLE_IDENTIFIER = "amit-2018.XML-ParsingTests";
				PRODUCT_NAME = "$(TARGET_NAME)";
				SWIFT_VERSION = 4.0;
				TARGETED_DEVICE_FAMILY = "1,2";
				TEST_HOST = "$(BUILT_PRODUCTS_DIR)/XML Parsing.app/XML Parsing";
			};
			name = Release;
		};
		04F5131F21CAC5A0009533C2 /* Debug */ = {
			isa = XCBuildConfiguration;
			buildSettings = {
				ALWAYS_EMBED_SWIFT_STANDARD_LIBRARIES = YES;
				CODE_SIGN_STYLE = Automatic;
				INFOPLIST_FILE = "XML ParsingUITests/Info.plist";
				LD_RUNPATH_SEARCH_PATHS = (
					"$(inherited)",
					"@executable_path/Frameworks",
					"@loader_path/Frameworks",
				);
				PRODUCT_BUNDLE_IDENTIFIER = "amit-2018.XML-ParsingUITests";
				PRODUCT_NAME = "$(TARGET_NAME)";
				SWIFT_VERSION = 4.0;
				TARGETED_DEVICE_FAMILY = "1,2";
				TEST_TARGET_NAME = "XML Parsing";
			};
			name = Debug;
		};
		04F5132021CAC5A0009533C2 /* Release */ = {
			isa = XCBuildConfiguration;
			buildSettings = {
				ALWAYS_EMBED_SWIFT_STANDARD_LIBRARIES = YES;
				CODE_SIGN_STYLE = Automatic;
				INFOPLIST_FILE = "XML ParsingUITests/Info.plist";
				LD_RUNPATH_SEARCH_PATHS = (
					"$(inherited)",
					"@executable_path/Frameworks",
					"@loader_path/Frameworks",
				);
				PRODUCT_BUNDLE_IDENTIFIER = "amit-2018.XML-ParsingUITests";
				PRODUCT_NAME = "$(TARGET_NAME)";
				SWIFT_VERSION = 4.0;
				TARGETED_DEVICE_FAMILY = "1,2";
				TEST_TARGET_NAME = "XML Parsing";
			};
			name = Release;
		};
/* End XCBuildConfiguration section */

/* Begin XCConfigurationList section */
		04F512EB21CAC59E009533C2 /* Build configuration list for PBXProject "XML Parsing" */ = {
			isa = XCConfigurationList;
			buildConfigurations = (
				04F5131621CAC5A0009533C2 /* Debug */,
				04F5131721CAC5A0009533C2 /* Release */,
			);
			defaultConfigurationIsVisible = 0;
			defaultConfigurationName = Release;
		};
		04F5131821CAC5A0009533C2 /* Build configuration list for PBXNativeTarget "XML Parsing" */ = {
			isa = XCConfigurationList;
			buildConfigurations = (
				04F5131921CAC5A0009533C2 /* Debug */,
				04F5131A21CAC5A0009533C2 /* Release */,
			);
			defaultConfigurationIsVisible = 0;
			defaultConfigurationName = Release;
		};
		04F5131B21CAC5A0009533C2 /* Build configuration list for PBXNativeTarget "XML ParsingTests" */ = {
			isa = XCConfigurationList;
			buildConfigurations = (
				04F5131C21CAC5A0009533C2 /* Debug */,
				04F5131D21CAC5A0009533C2 /* Release */,
			);
			defaultConfigurationIsVisible = 0;
			defaultConfigurationName = Release;
		};
		04F5131E21CAC5A0009533C2 /* Build configuration list for PBXNativeTarget "XML ParsingUITests" */ = {
			isa = XCConfigurationList;
			buildConfigurations = (
				04F5131F21CAC5A0009533C2 /* Debug */,
				04F5132021CAC5A0009533C2 /* Release */,
			);
			defaultConfigurationIsVisible = 0;
			defaultConfigurationName = Release;
		};
/* End XCConfigurationList section */
	};
	rootObject = 04F512E821CAC59E009533C2 /* Project object */;
}
